// !$*UTF8*$!
{
	archiveVersion = 1;
	classes = {
	};
	objectVersion = 50;
	objects = {

/* Begin PBXBuildFile section */
		FB4EE01425FA5F9300E99A0D /* HouseView.swift in Sources */ = {isa = PBXBuildFile; fileRef = FB4EE01325FA5F9200E99A0D /* HouseView.swift */; };
		FB4EE01A25FA60F400E99A0D /* ListHouse.swift in Sources */ = {isa = PBXBuildFile; fileRef = FB4EE01925FA60F400E99A0D /* ListHouse.swift */; };
		FB7AC12625EECDA80009B28F /* VirtualLCSCampusApp.swift in Sources */ = {isa = PBXBuildFile; fileRef = FB7AC12525EECDA80009B28F /* VirtualLCSCampusApp.swift */; };
		FB7AC12A25EECDAC0009B28F /* Assets.xcassets in Resources */ = {isa = PBXBuildFile; fileRef = FB7AC12925EECDAC0009B28F /* Assets.xcassets */; };
		FB7AC12D25EECDAC0009B28F /* Preview Assets.xcassets in Resources */ = {isa = PBXBuildFile; fileRef = FB7AC12C25EECDAC0009B28F /* Preview Assets.xcassets */; };
		FB7AC13625EFEE440009B28F /* ListOfHouses.swift in Sources */ = {isa = PBXBuildFile; fileRef = FB7AC13525EFEE430009B28F /* ListOfHouses.swift */; };
		FB7AC14525F1722D0009B28F /* SearchBarView.swift in Sources */ = {isa = PBXBuildFile; fileRef = FB7AC14425F1722D0009B28F /* SearchBarView.swift */; };
		FBA0FA452601374400727508 /* Segment.swift in Sources */ = {isa = PBXBuildFile; fileRef = FBA0FA442601374400727508 /* Segment.swift */; };
		FBA0FA53260384D500727508 /* ContentView.swift in Sources */ = {isa = PBXBuildFile; fileRef = FBA0FA52260384D500727508 /* ContentView.swift */; };
		FBA0FA5C26038AB800727508 /* MapView.swift in Sources */ = {isa = PBXBuildFile; fileRef = FBA0FA5B26038AB800727508 /* MapView.swift */; };
		FBAF6F7C2608EC9E006BDB69 /* MainView.swift in Sources */ = {isa = PBXBuildFile; fileRef = FBAF6F7B2608EC9E006BDB69 /* MainView.swift */; };
		FBE488D2260BD5ED004B9B98 /* Annotation.swift in Sources */ = {isa = PBXBuildFile; fileRef = FBE488D1260BD5ED004B9B98 /* Annotation.swift */; };
/* End PBXBuildFile section */

/* Begin PBXFileReference section */
		FB4EE01325FA5F9200E99A0D /* HouseView.swift */ = {isa = PBXFileReference; lastKnownFileType = sourcecode.swift; path = HouseView.swift; sourceTree = "<group>"; };
		FB4EE01925FA60F400E99A0D /* ListHouse.swift */ = {isa = PBXFileReference; lastKnownFileType = sourcecode.swift; path = ListHouse.swift; sourceTree = "<group>"; };
		FB7AC12225EECDA80009B28F /* VirtualLCSCampus.app */ = {isa = PBXFileReference; explicitFileType = wrapper.application; includeInIndex = 0; path = VirtualLCSCampus.app; sourceTree = BUILT_PRODUCTS_DIR; };
		FB7AC12525EECDA80009B28F /* VirtualLCSCampusApp.swift */ = {isa = PBXFileReference; lastKnownFileType = sourcecode.swift; path = VirtualLCSCampusApp.swift; sourceTree = "<group>"; };
		FB7AC12925EECDAC0009B28F /* Assets.xcassets */ = {isa = PBXFileReference; lastKnownFileType = folder.assetcatalog; path = Assets.xcassets; sourceTree = "<group>"; };
		FB7AC12C25EECDAC0009B28F /* Preview Assets.xcassets */ = {isa = PBXFileReference; lastKnownFileType = folder.assetcatalog; path = "Preview Assets.xcassets"; sourceTree = "<group>"; };
		FB7AC12E25EECDAC0009B28F /* Info.plist */ = {isa = PBXFileReference; lastKnownFileType = text.plist.xml; path = Info.plist; sourceTree = "<group>"; };
		FB7AC13525EFEE430009B28F /* ListOfHouses.swift */ = {isa = PBXFileReference; lastKnownFileType = sourcecode.swift; path = ListOfHouses.swift; sourceTree = "<group>"; };
		FB7AC14425F1722D0009B28F /* SearchBarView.swift */ = {isa = PBXFileReference; lastKnownFileType = sourcecode.swift; path = SearchBarView.swift; sourceTree = "<group>"; };
		FBA0FA442601374400727508 /* Segment.swift */ = {isa = PBXFileReference; lastKnownFileType = sourcecode.swift; path = Segment.swift; sourceTree = "<group>"; };
		FBA0FA52260384D500727508 /* ContentView.swift */ = {isa = PBXFileReference; lastKnownFileType = sourcecode.swift; name = ContentView.swift; path = ../ContentView.swift; sourceTree = "<group>"; };
		FBA0FA5B26038AB800727508 /* MapView.swift */ = {isa = PBXFileReference; lastKnownFileType = sourcecode.swift; path = MapView.swift; sourceTree = "<group>"; };
		FBAF6F7B2608EC9E006BDB69 /* MainView.swift */ = {isa = PBXFileReference; lastKnownFileType = sourcecode.swift; path = MainView.swift; sourceTree = "<group>"; };
		FBE488D1260BD5ED004B9B98 /* Annotation.swift */ = {isa = PBXFileReference; lastKnownFileType = sourcecode.swift; path = Annotation.swift; sourceTree = "<group>"; };
/* End PBXFileReference section */

/* Begin PBXFrameworksBuildPhase section */
		FB7AC11F25EECDA80009B28F /* Frameworks */ = {
			isa = PBXFrameworksBuildPhase;
			buildActionMask = 2147483647;
			files = (
			);
			runOnlyForDeploymentPostprocessing = 0;
		};
/* End PBXFrameworksBuildPhase section */

/* Begin PBXGroup section */
		FB4EE02125FFB61500E99A0D /* Views */ = {
			isa = PBXGroup;
			children = (
				FBA0FA52260384D500727508 /* ContentView.swift */,
				FBAF6F7B2608EC9E006BDB69 /* MainView.swift */,
				FB7AC14425F1722D0009B28F /* SearchBarView.swift */,
				FB7AC13525EFEE430009B28F /* ListOfHouses.swift */,
				FBA0FA5B26038AB800727508 /* MapView.swift */,
				FB4EE01325FA5F9200E99A0D /* HouseView.swift */,
			);
			path = Views;
			sourceTree = "<group>";
		};
		FB7AC11925EECDA80009B28F = {
			isa = PBXGroup;
			children = (
				FB7AC12425EECDA80009B28F /* VirtualLCSCampus */,
				FB7AC12325EECDA80009B28F /* Products */,
			);
			sourceTree = "<group>";
		};
		FB7AC12325EECDA80009B28F /* Products */ = {
			isa = PBXGroup;
			children = (
				FB7AC12225EECDA80009B28F /* VirtualLCSCampus.app */,
			);
			name = Products;
			sourceTree = "<group>";
		};
		FB7AC12425EECDA80009B28F /* VirtualLCSCampus */ = {
			isa = PBXGroup;
			children = (
				FB7AC12525EECDA80009B28F /* VirtualLCSCampusApp.swift */,
				FBA0FA5A26038A2300727508 /* Data */,
				FB4EE02125FFB61500E99A0D /* Views */,
				FB7AC12925EECDAC0009B28F /* Assets.xcassets */,
				FB7AC12E25EECDAC0009B28F /* Info.plist */,
				FB7AC12B25EECDAC0009B28F /* Preview Content */,
			);
			path = VirtualLCSCampus;
			sourceTree = "<group>";
		};
		FB7AC12B25EECDAC0009B28F /* Preview Content */ = {
			isa = PBXGroup;
			children = (
				FB7AC12C25EECDAC0009B28F /* Preview Assets.xcassets */,
			);
			path = "Preview Content";
			sourceTree = "<group>";
		};
		FBA0FA5A26038A2300727508 /* Data */ = {
			isa = PBXGroup;
			children = (
				FBA0FA442601374400727508 /* Segment.swift */,
				FBE488D1260BD5ED004B9B98 /* Annotation.swift */,
				FB4EE01925FA60F400E99A0D /* ListHouse.swift */,
			);
			path = Data;
			sourceTree = "<group>";
		};
/* End PBXGroup section */

/* Begin PBXNativeTarget section */
		FB7AC12125EECDA80009B28F /* VirtualLCSCampus */ = {
			isa = PBXNativeTarget;
			buildConfigurationList = FB7AC13125EECDAC0009B28F /* Build configuration list for PBXNativeTarget "VirtualLCSCampus" */;
			buildPhases = (
				FB7AC11E25EECDA80009B28F /* Sources */,
				FB7AC11F25EECDA80009B28F /* Frameworks */,
				FB7AC12025EECDA80009B28F /* Resources */,
			);
			buildRules = (
			);
			dependencies = (
			);
			name = VirtualLCSCampus;
			productName = VirtualLCSCampus;
			productReference = FB7AC12225EECDA80009B28F /* VirtualLCSCampus.app */;
			productType = "com.apple.product-type.application";
		};
/* End PBXNativeTarget section */

/* Begin PBXProject section */
		FB7AC11A25EECDA80009B28F /* Project object */ = {
			isa = PBXProject;
			attributes = {
				LastSwiftUpdateCheck = 1230;
				LastUpgradeCheck = 1230;
				TargetAttributes = {
					FB7AC12125EECDA80009B28F = {
						CreatedOnToolsVersion = 12.3;
					};
				};
			};
			buildConfigurationList = FB7AC11D25EECDA80009B28F /* Build configuration list for PBXProject "VirtualLCSCampus" */;
			compatibilityVersion = "Xcode 9.3";
			developmentRegion = en;
			hasScannedForEncodings = 0;
			knownRegions = (
				en,
				Base,
			);
			mainGroup = FB7AC11925EECDA80009B28F;
			productRefGroup = FB7AC12325EECDA80009B28F /* Products */;
			projectDirPath = "";
			projectRoot = "";
			targets = (
				FB7AC12125EECDA80009B28F /* VirtualLCSCampus */,
			);
		};
/* End PBXProject section */

/* Begin PBXResourcesBuildPhase section */
		FB7AC12025EECDA80009B28F /* Resources */ = {
			isa = PBXResourcesBuildPhase;
			buildActionMask = 2147483647;
			files = (
				FB7AC12D25EECDAC0009B28F /* Preview Assets.xcassets in Resources */,
				FB7AC12A25EECDAC0009B28F /* Assets.xcassets in Resources */,
			);
			runOnlyForDeploymentPostprocessing = 0;
		};
/* End PBXResourcesBuildPhase section */

/* Begin PBXSourcesBuildPhase section */
		FB7AC11E25EECDA80009B28F /* Sources */ = {
			isa = PBXSourcesBuildPhase;
			buildActionMask = 2147483647;
			files = (
				FB4EE01A25FA60F400E99A0D /* ListHouse.swift in Sources */,
				FBA0FA5C26038AB800727508 /* MapView.swift in Sources */,
				FBA0FA53260384D500727508 /* ContentView.swift in Sources */,
				FB7AC14525F1722D0009B28F /* SearchBarView.swift in Sources */,
				FBA0FA452601374400727508 /* Segment.swift in Sources */,
				FB4EE01425FA5F9300E99A0D /* HouseView.swift in Sources */,
				FBE488D2260BD5ED004B9B98 /* Annotation.swift in Sources */,
				FB7AC12625EECDA80009B28F /* VirtualLCSCampusApp.swift in Sources */,
				FBAF6F7C2608EC9E006BDB69 /* MainView.swift in Sources */,
				FB7AC13625EFEE440009B28F /* ListOfHouses.swift in Sources */,
			);
			runOnlyForDeploymentPostprocessing = 0;
		};
/* End PBXSourcesBuildPhase section */

/* Begin XCBuildConfiguration section */
		FB7AC12F25EECDAC0009B28F /* Debug */ = {
			isa = XCBuildConfiguration;
			buildSettings = {
				ALWAYS_SEARCH_USER_PATHS = NO;
				CLANG_ANALYZER_NONNULL = YES;
				CLANG_ANALYZER_NUMBER_OBJECT_CONVERSION = YES_AGGRESSIVE;
				CLANG_CXX_LANGUAGE_STANDARD = "gnu++14";
				CLANG_CXX_LIBRARY = "libc++";
				CLANG_ENABLE_MODULES = YES;
				CLANG_ENABLE_OBJC_ARC = YES;
				CLANG_ENABLE_OBJC_WEAK = YES;
				CLANG_WARN_BLOCK_CAPTURE_AUTORELEASING = YES;
				CLANG_WARN_BOOL_CONVERSION = YES;
				CLANG_WARN_COMMA = YES;
				CLANG_WARN_CONSTANT_CONVERSION = YES;
				CLANG_WARN_DEPRECATED_OBJC_IMPLEMENTATIONS = YES;
				CLANG_WARN_DIRECT_OBJC_ISA_USAGE = YES_ERROR;
				CLANG_WARN_DOCUMENTATION_COMMENTS = YES;
				CLANG_WARN_EMPTY_BODY = YES;
				CLANG_WARN_ENUM_CONVERSION = YES;
				CLANG_WARN_INFINITE_RECURSION = YES;
				CLANG_WARN_INT_CONVERSION = YES;
				CLANG_WARN_NON_LITERAL_NULL_CONVERSION = YES;
				CLANG_WARN_OBJC_IMPLICIT_RETAIN_SELF = YES;
				CLANG_WARN_OBJC_LITERAL_CONVERSION = YES;
				CLANG_WARN_OBJC_ROOT_CLASS = YES_ERROR;
				CLANG_WARN_QUOTED_INCLUDE_IN_FRAMEWORK_HEADER = YES;
				CLANG_WARN_RANGE_LOOP_ANALYSIS = YES;
				CLANG_WARN_STRICT_PROTOTYPES = YES;
				CLANG_WARN_SUSPICIOUS_MOVE = YES;
				CLANG_WARN_UNGUARDED_AVAILABILITY = YES_AGGRESSIVE;
				CLANG_WARN_UNREACHABLE_CODE = YES;
				CLANG_WARN__DUPLICATE_METHOD_MATCH = YES;
				COPY_PHASE_STRIP = NO;
				DEBUG_INFORMATION_FORMAT = dwarf;
				ENABLE_STRICT_OBJC_MSGSEND = YES;
				ENABLE_TESTABILITY = YES;
				GCC_C_LANGUAGE_STANDARD = gnu11;
				GCC_DYNAMIC_NO_PIC = NO;
				GCC_NO_COMMON_BLOCKS = YES;
				GCC_OPTIMIZATION_LEVEL = 0;
				GCC_PREPROCESSOR_DEFINITIONS = (
					"DEBUG=1",
					"$(inherited)",
				);
				GCC_WARN_64_TO_32_BIT_CONVERSION = YES;
				GCC_WARN_ABOUT_RETURN_TYPE = YES_ERROR;
				GCC_WARN_UNDECLARED_SELECTOR = YES;
				GCC_WARN_UNINITIALIZED_AUTOS = YES_AGGRESSIVE;
				GCC_WARN_UNUSED_FUNCTION = YES;
				GCC_WARN_UNUSED_VARIABLE = YES;
				IPHONEOS_DEPLOYMENT_TARGET = 14.3;
				MTL_ENABLE_DEBUG_INFO = INCLUDE_SOURCE;
				MTL_FAST_MATH = YES;
				ONLY_ACTIVE_ARCH = YES;
				SDKROOT = iphoneos;
				SWIFT_ACTIVE_COMPILATION_CONDITIONS = DEBUG;
				SWIFT_OPTIMIZATION_LEVEL = "-Onone";
			};
			name = Debug;
		};
		FB7AC13025EECDAC0009B28F /* Release */ = {
			isa = XCBuildConfiguration;
			buildSettings = {
				ALWAYS_SEARCH_USER_PATHS = NO;
				CLANG_ANALYZER_NONNULL = YES;
				CLANG_ANALYZER_NUMBER_OBJECT_CONVERSION = YES_AGGRESSIVE;
				CLANG_CXX_LANGUAGE_STANDARD = "gnu++14";
				CLANG_CXX_LIBRARY = "libc++";
				CLANG_ENABLE_MODULES = YES;
				CLANG_ENABLE_OBJC_ARC = YES;
				CLANG_ENABLE_OBJC_WEAK = YES;
				CLANG_WARN_BLOCK_CAPTURE_AUTORELEASING = YES;
				CLANG_WARN_BOOL_CONVERSION = YES;
				CLANG_WARN_COMMA = YES;
				CLANG_WARN_CONSTANT_CONVERSION = YES;
				CLANG_WARN_DEPRECATED_OBJC_IMPLEMENTATIONS = YES;
				CLANG_WARN_DIRECT_OBJC_ISA_USAGE = YES_ERROR;
				CLANG_WARN_DOCUMENTATION_COMMENTS = YES;
				CLANG_WARN_EMPTY_BODY = YES;
				CLANG_WARN_ENUM_CONVERSION = YES;
				CLANG_WARN_INFINITE_RECURSION = YES;
				CLANG_WARN_INT_CONVERSION = YES;
				CLANG_WARN_NON_LITERAL_NULL_CONVERSION = YES;
				CLANG_WARN_OBJC_IMPLICIT_RETAIN_SELF = YES;
				CLANG_WARN_OBJC_LITERAL_CONVERSION = YES;
				CLANG_WARN_OBJC_ROOT_CLASS = YES_ERROR;
				CLANG_WARN_QUOTED_INCLUDE_IN_FRAMEWORK_HEADER = YES;
				CLANG_WARN_RANGE_LOOP_ANALYSIS = YES;
				CLANG_WARN_STRICT_PROTOTYPES = YES;
				CLANG_WARN_SUSPICIOUS_MOVE = YES;
				CLANG_WARN_UNGUARDED_AVAILABILITY = YES_AGGRESSIVE;
				CLANG_WARN_UNREACHABLE_CODE = YES;
				CLANG_WARN__DUPLICATE_METHOD_MATCH = YES;
				COPY_PHASE_STRIP = NO;
				DEBUG_INFORMATION_FORMAT = "dwarf-with-dsym";
				ENABLE_NS_ASSERTIONS = NO;
				ENABLE_STRICT_OBJC_MSGSEND = YES;
				GCC_C_LANGUAGE_STANDARD = gnu11;
				GCC_NO_COMMON_BLOCKS = YES;
				GCC_WARN_64_TO_32_BIT_CONVERSION = YES;
				GCC_WARN_ABOUT_RETURN_TYPE = YES_ERROR;
				GCC_WARN_UNDECLARED_SELECTOR = YES;
				GCC_WARN_UNINITIALIZED_AUTOS = YES_AGGRESSIVE;
				GCC_WARN_UNUSED_FUNCTION = YES;
				GCC_WARN_UNUSED_VARIABLE = YES;
				IPHONEOS_DEPLOYMENT_TARGET = 14.3;
				MTL_ENABLE_DEBUG_INFO = NO;
				MTL_FAST_MATH = YES;
				SDKROOT = iphoneos;
				SWIFT_COMPILATION_MODE = wholemodule;
				SWIFT_OPTIMIZATION_LEVEL = "-O";
				VALIDATE_PRODUCT = YES;
			};
			name = Release;
		};
		FB7AC13225EECDAC0009B28F /* Debug */ = {
			isa = XCBuildConfiguration;
			buildSettings = {
				ASSETCATALOG_COMPILER_APPICON_NAME = AppIcon;
				ASSETCATALOG_COMPILER_GLOBAL_ACCENT_COLOR_NAME = AccentColor;
				CODE_SIGN_STYLE = Automatic;
				DEVELOPMENT_ASSET_PATHS = "\"VirtualLCSCampus/Preview Content\"";
				DEVELOPMENT_TEAM = MVTMGC7XMB;
				ENABLE_PREVIEWS = YES;
				INFOPLIST_FILE = VirtualLCSCampus/Info.plist;
				IPHONEOS_DEPLOYMENT_TARGET = 14.0;
				LD_RUNPATH_SEARCH_PATHS = (
					"$(inherited)",
					"@executable_path/Frameworks",
				);
				PRODUCT_BUNDLE_IDENTIFIER = ca.stevenzhang.VirtualLCSCampus;
				PRODUCT_NAME = "$(TARGET_NAME)";
				SWIFT_VERSION = 5.0;
				TARGETED_DEVICE_FAMILY = "1,2";
			};
			name = Debug;
		};
		FB7AC13325EECDAC0009B28F /* Release */ = {
			isa = XCBuildConfiguration;
			buildSettings = {
				ASSETCATALOG_COMPILER_APPICON_NAME = AppIcon;
				ASSETCATALOG_COMPILER_GLOBAL_ACCENT_COLOR_NAME = AccentColor;
				CODE_SIGN_STYLE = Automatic;
				DEVELOPMENT_ASSET_PATHS = "\"VirtualLCSCampus/Preview Content\"";
				DEVELOPMENT_TEAM = MVTMGC7XMB;
				ENABLE_PREVIEWS = YES;
				INFOPLIST_FILE = VirtualLCSCampus/Info.plist;
				IPHONEOS_DEPLOYMENT_TARGET = 14.0;
				LD_RUNPATH_SEARCH_PATHS = (
					"$(inherited)",
					"@executable_path/Frameworks",
				);
				PRODUCT_BUNDLE_IDENTIFIER = ca.stevenzhang.VirtualLCSCampus;
				PRODUCT_NAME = "$(TARGET_NAME)";
				SWIFT_VERSION = 5.0;
				TARGETED_DEVICE_FAMILY = "1,2";
			};
			name = Release;
		};
/* End XCBuildConfiguration section */

/* Begin XCConfigurationList section */
		FB7AC11D25EECDA80009B28F /* Build configuration list for PBXProject "VirtualLCSCampus" */ = {
			isa = XCConfigurationList;
			buildConfigurations = (
				FB7AC12F25EECDAC0009B28F /* Debug */,
				FB7AC13025EECDAC0009B28F /* Release */,
			);
			defaultConfigurationIsVisible = 0;
			defaultConfigurationName = Release;
		};
		FB7AC13125EECDAC0009B28F /* Build configuration list for PBXNativeTarget "VirtualLCSCampus" */ = {
			isa = XCConfigurationList;
			buildConfigurations = (
				FB7AC13225EECDAC0009B28F /* Debug */,
				FB7AC13325EECDAC0009B28F /* Release */,
			);
			defaultConfigurationIsVisible = 0;
			defaultConfigurationName = Release;
		};
/* End XCConfigurationList section */
	};
	rootObject = FB7AC11A25EECDA80009B28F /* Project object */;
}
